
Microsoft Visual Studio Solution File, Format Version 12.00
# Visual Studio Version 17
VisualStudioVersion = 17.11.35219.272
MinimumVisualStudioVersion = 10.0.40219.1
Project("{FAE04EC0-301F-11D3-BF4B-00C04F79EFBC}") = "Elagy", "Elagy.csproj", "{F4A995C6-1FC5-4750-9B3B-2C92A06F60CC}"
EndProject
Global
	GlobalSection(SolutionConfigurationPlatforms) = preSolution
		Debug|Any CPU = Debug|Any CPU
		Release|Any CPU = Release|Any CPU
	EndGlobalSection
	GlobalSection(ProjectConfigurationPlatforms) = postSolution
		{F4A995C6-1FC5-4750-9B3B-2C92A06F60CC}.Debug|Any CPU.ActiveCfg = Debug|Any CPU
		{F4A995C6-1FC5-4750-9B3B-2C92A06F60CC}.Debug|Any CPU.Build.0 = Debug|Any CPU
		{F4A995C6-1FC5-4750-9B3B-2C92A06F60CC}.Release|Any CPU.ActiveCfg = Release|Any CPU
		{F4A995C6-1FC5-4750-9B3B-2C92A06F60CC}.Release|Any CPU.Build.0 = Release|Any CPU
	EndGlobalSection
	GlobalSection(SolutionProperties) = preSolution
		HideSolutionNode = FALSE
	EndGlobalSection
	GlobalSection(ExtensibilityGlobals) = postSolution
		SolutionGuid = {5CA42C26-661F-4BA8-9E60-1D7F719A9F91}
	EndGlobalSection
EndGlobal
